
Microsoft Visual Studio Solution File, Format Version 11.00
# Visual Studio 2010
Project("{FAE04EC0-301F-11D3-BF4B-00C04F79EFBC}") = "MonoDevelop.VersionControl.TFS", "MonoDevelop.VersionControl.TFS\MonoDevelop.VersionControl.TFS.csproj", "{5D3D4474-FFFB-4B95-A525-AB43CCFFF7B3}"
EndProject
Project("{2150E333-8FDC-42A3-9474-1A3956D46DE8}") = "OpenTF", "OpenTF", "{544F6E58-B111-4CB4-9E1D-5374BC57B5A2}"
EndProject
Project("{FAE04EC0-301F-11D3-BF4B-00C04F79EFBC}") = "Microsoft.TeamFoundation", "OpenTF\Microsoft.TeamFoundation\Microsoft.TeamFoundation.csproj", "{B0953653-D640-4338-BDAE-91DA9C3583F8}"
EndProject
Project("{FAE04EC0-301F-11D3-BF4B-00C04F79EFBC}") = "Microsoft.TeamFoundation.Common", "OpenTF\Microsoft.TeamFoundation.Common\Microsoft.TeamFoundation.Common.csproj", "{E0953653-D640-4338-BDAE-91DA9C3583F8}"
EndProject
Project("{FAE04EC0-301F-11D3-BF4B-00C04F79EFBC}") = "Microsoft.TeamFoundation.Client", "OpenTF\Microsoft.TeamFoundation.Client\Microsoft.TeamFoundation.Client.csproj", "{C0953653-D640-4338-BDAE-91DA9C3583F8}"
EndProject
Project("{FAE04EC0-301F-11D3-BF4B-00C04F79EFBC}") = "Microsoft.TeamFoundation.VersionControl.Common", "OpenTF\Microsoft.TeamFoundation.VersionControl.Common\Microsoft.TeamFoundation.VersionControl.Common.csproj", "{A0953653-D640-4338-BDAE-91DA9C3583F8}"
EndProject
Project("{FAE04EC0-301F-11D3-BF4B-00C04F79EFBC}") = "Microsoft.TeamFoundation.VersionControl.Client", "OpenTF\Microsoft.TeamFoundation.VersionControl.Client\Microsoft.TeamFoundation.VersionControl.Client.csproj", "{F0953653-D640-4338-BDAE-91DA9C3583F8}"
EndProject
Project("{FAE04EC0-301F-11D3-BF4B-00C04F79EFBC}") = "Microsoft.TeamFoundation.WorkItemTracking.Common", "OpenTF\Microsoft.TeamFoundation.WorkItemTracking.Common\Microsoft.TeamFoundation.WorkItemTracking.Common.csproj", "{D0953653-D631-4338-BDAE-91DA9C3583F8}"
EndProject
Project("{FAE04EC0-301F-11D3-BF4B-00C04F79EFBC}") = "Microsoft.TeamFoundation.WorkItemTracking.Client", "OpenTF\Microsoft.TeamFoundation.WorkItemTracking.Client\Microsoft.TeamFoundation.WorkItemTracking.Client.csproj", "{D0953653-D640-4338-BDAE-91DA9C3583F8}"
EndProject
Global
	GlobalSection(SolutionConfigurationPlatforms) = preSolution
		Debug|x86 = Debug|x86
		Release|x86 = Release|x86
	EndGlobalSection
	GlobalSection(ProjectConfigurationPlatforms) = postSolution
		{5D3D4474-FFFB-4B95-A525-AB43CCFFF7B3}.Debug|x86.ActiveCfg = Debug|Any CPU
		{5D3D4474-FFFB-4B95-A525-AB43CCFFF7B3}.Debug|x86.Build.0 = Debug|Any CPU
		{5D3D4474-FFFB-4B95-A525-AB43CCFFF7B3}.Release|x86.ActiveCfg = Release|Any CPU
		{5D3D4474-FFFB-4B95-A525-AB43CCFFF7B3}.Release|x86.Build.0 = Release|Any CPU
		{A0953653-D640-4338-BDAE-91DA9C3583F8}.Debug|x86.ActiveCfg = Debug|Any CPU
		{A0953653-D640-4338-BDAE-91DA9C3583F8}.Debug|x86.Build.0 = Debug|Any CPU
		{A0953653-D640-4338-BDAE-91DA9C3583F8}.Release|x86.ActiveCfg = Release|Any CPU
		{A0953653-D640-4338-BDAE-91DA9C3583F8}.Release|x86.Build.0 = Release|Any CPU
		{B0953653-D640-4338-BDAE-91DA9C3583F8}.Debug|x86.ActiveCfg = Debug|Any CPU
		{B0953653-D640-4338-BDAE-91DA9C3583F8}.Debug|x86.Build.0 = Debug|Any CPU
		{B0953653-D640-4338-BDAE-91DA9C3583F8}.Release|x86.ActiveCfg = Release|Any CPU
		{B0953653-D640-4338-BDAE-91DA9C3583F8}.Release|x86.Build.0 = Release|Any CPU
		{C0953653-D640-4338-BDAE-91DA9C3583F8}.Debug|x86.ActiveCfg = Debug|Any CPU
		{C0953653-D640-4338-BDAE-91DA9C3583F8}.Debug|x86.Build.0 = Debug|Any CPU
		{C0953653-D640-4338-BDAE-91DA9C3583F8}.Release|x86.ActiveCfg = Release|Any CPU
		{C0953653-D640-4338-BDAE-91DA9C3583F8}.Release|x86.Build.0 = Release|Any CPU
		{D0953653-D631-4338-BDAE-91DA9C3583F8}.Debug|x86.ActiveCfg = Debug|Any CPU
		{D0953653-D631-4338-BDAE-91DA9C3583F8}.Debug|x86.Build.0 = Debug|Any CPU
		{D0953653-D631-4338-BDAE-91DA9C3583F8}.Release|x86.ActiveCfg = Release|Any CPU
		{D0953653-D631-4338-BDAE-91DA9C3583F8}.Release|x86.Build.0 = Release|Any CPU
		{D0953653-D640-4338-BDAE-91DA9C3583F8}.Debug|x86.ActiveCfg = Debug|Any CPU
		{D0953653-D640-4338-BDAE-91DA9C3583F8}.Debug|x86.Build.0 = Debug|Any CPU
		{D0953653-D640-4338-BDAE-91DA9C3583F8}.Release|x86.ActiveCfg = Release|Any CPU
		{D0953653-D640-4338-BDAE-91DA9C3583F8}.Release|x86.Build.0 = Release|Any CPU
		{E0953653-D640-4338-BDAE-91DA9C3583F8}.Debug|x86.ActiveCfg = Debug|Any CPU
		{E0953653-D640-4338-BDAE-91DA9C3583F8}.Debug|x86.Build.0 = Debug|Any CPU
		{E0953653-D640-4338-BDAE-91DA9C3583F8}.Release|x86.ActiveCfg = Release|Any CPU
		{E0953653-D640-4338-BDAE-91DA9C3583F8}.Release|x86.Build.0 = Release|Any CPU
		{F0953653-D640-4338-BDAE-91DA9C3583F8}.Debug|x86.ActiveCfg = Debug|Any CPU
		{F0953653-D640-4338-BDAE-91DA9C3583F8}.Debug|x86.Build.0 = Debug|Any CPU
		{F0953653-D640-4338-BDAE-91DA9C3583F8}.Release|x86.ActiveCfg = Release|Any CPU
		{F0953653-D640-4338-BDAE-91DA9C3583F8}.Release|x86.Build.0 = Release|Any CPU
	EndGlobalSection
	GlobalSection(NestedProjects) = preSolution
		{B0953653-D640-4338-BDAE-91DA9C3583F8} = {544F6E58-B111-4CB4-9E1D-5374BC57B5A2}
		{E0953653-D640-4338-BDAE-91DA9C3583F8} = {544F6E58-B111-4CB4-9E1D-5374BC57B5A2}
		{C0953653-D640-4338-BDAE-91DA9C3583F8} = {544F6E58-B111-4CB4-9E1D-5374BC57B5A2}
		{A0953653-D640-4338-BDAE-91DA9C3583F8} = {544F6E58-B111-4CB4-9E1D-5374BC57B5A2}
		{F0953653-D640-4338-BDAE-91DA9C3583F8} = {544F6E58-B111-4CB4-9E1D-5374BC57B5A2}
		{D0953653-D631-4338-BDAE-91DA9C3583F8} = {544F6E58-B111-4CB4-9E1D-5374BC57B5A2}
		{D0953653-D640-4338-BDAE-91DA9C3583F8} = {544F6E58-B111-4CB4-9E1D-5374BC57B5A2}
	EndGlobalSection
	GlobalSection(MonoDevelopProperties) = preSolution
		StartupItem = MonoDevelop.VersionControl.TFS\MonoDevelop.VersionControl.TFS.csproj
	EndGlobalSection
EndGlobal
